// !$*UTF8*$!
{
	archiveVersion = 1;
	classes = {
	};
	objectVersion = 56;
	objects = {

/* Begin PBXBuildFile section */
		9B47AE1D28C9B9DF009B68B0 /* ExampleAlertProjectApp.swift in Sources */ = {isa = PBXBuildFile; fileRef = 9B47AE1C28C9B9DF009B68B0 /* ExampleAlertProjectApp.swift */; };
		9B47AE1F28C9B9DF009B68B0 /* ContentView.swift in Sources */ = {isa = PBXBuildFile; fileRef = 9B47AE1E28C9B9DF009B68B0 /* ContentView.swift */; };
		9B47AE2128C9B9E2009B68B0 /* Assets.xcassets in Resources */ = {isa = PBXBuildFile; fileRef = 9B47AE2028C9B9E2009B68B0 /* Assets.xcassets */; };
		9B47AE2428C9B9E2009B68B0 /* Preview Assets.xcassets in Resources */ = {isa = PBXBuildFile; fileRef = 9B47AE2328C9B9E2009B68B0 /* Preview Assets.xcassets */; };
		9B47AE2E28C9BA5D009B68B0 /* AlertState in Frameworks */ = {isa = PBXBuildFile; productRef = 9B47AE2D28C9BA5D009B68B0 /* AlertState */; };
		9B47AE3028C9BA82009B68B0 /* SystemAlert.swift in Sources */ = {isa = PBXBuildFile; fileRef = 9B47AE2F28C9BA82009B68B0 /* SystemAlert.swift */; };
		9B47AE3228C9BA8A009B68B0 /* SystemAlert + Extension.swift in Sources */ = {isa = PBXBuildFile; fileRef = 9B47AE3128C9BA8A009B68B0 /* SystemAlert + Extension.swift */; };
/* End PBXBuildFile section */

/* Begin PBXFileReference section */
		9B47AE1928C9B9DF009B68B0 /* ExampleAlertProject.app */ = {isa = PBXFileReference; explicitFileType = wrapper.application; includeInIndex = 0; path = ExampleAlertProject.app; sourceTree = BUILT_PRODUCTS_DIR; };
		9B47AE1C28C9B9DF009B68B0 /* ExampleAlertProjectApp.swift */ = {isa = PBXFileReference; lastKnownFileType = sourcecode.swift; path = ExampleAlertProjectApp.swift; sourceTree = "<group>"; };
		9B47AE1E28C9B9DF009B68B0 /* ContentView.swift */ = {isa = PBXFileReference; lastKnownFileType = sourcecode.swift; path = ContentView.swift; sourceTree = "<group>"; };
		9B47AE2028C9B9E2009B68B0 /* Assets.xcassets */ = {isa = PBXFileReference; lastKnownFileType = folder.assetcatalog; path = Assets.xcassets; sourceTree = "<group>"; };
		9B47AE2328C9B9E2009B68B0 /* Preview Assets.xcassets */ = {isa = PBXFileReference; lastKnownFileType = folder.assetcatalog; path = "Preview Assets.xcassets"; sourceTree = "<group>"; };
		9B47AE2F28C9BA82009B68B0 /* SystemAlert.swift */ = {isa = PBXFileReference; lastKnownFileType = sourcecode.swift; path = SystemAlert.swift; sourceTree = "<group>"; };
		9B47AE3128C9BA8A009B68B0 /* SystemAlert + Extension.swift */ = {isa = PBXFileReference; lastKnownFileType = sourcecode.swift; path = "SystemAlert + Extension.swift"; sourceTree = "<group>"; };
/* End PBXFileReference section */

/* Begin PBXFrameworksBuildPhase section */
		9B47AE1628C9B9DF009B68B0 /* Frameworks */ = {
			isa = PBXFrameworksBuildPhase;
			buildActionMask = 2147483647;
			files = (
				9B47AE2E28C9BA5D009B68B0 /* AlertState in Frameworks */,
			);
			runOnlyForDeploymentPostprocessing = 0;
		};
/* End PBXFrameworksBuildPhase section */

/* Begin PBXGroup section */
		9B47AE1028C9B9DF009B68B0 = {
			isa = PBXGroup;
			children = (
				9B47AE1B28C9B9DF009B68B0 /* ExampleAlertProject */,
				9B47AE1A28C9B9DF009B68B0 /* Products */,
			);
			sourceTree = "<group>";
		};
		9B47AE1A28C9B9DF009B68B0 /* Products */ = {
			isa = PBXGroup;
			children = (
				9B47AE1928C9B9DF009B68B0 /* ExampleAlertProject.app */,
			);
			name = Products;
			sourceTree = "<group>";
		};
		9B47AE1B28C9B9DF009B68B0 /* ExampleAlertProject */ = {
			isa = PBXGroup;
			children = (
				9B47AE3328C9BAE1009B68B0 /* SystemAlert */,
				9B47AE1C28C9B9DF009B68B0 /* ExampleAlertProjectApp.swift */,
				9B47AE1E28C9B9DF009B68B0 /* ContentView.swift */,
				9B47AE2028C9B9E2009B68B0 /* Assets.xcassets */,
				9B47AE2228C9B9E2009B68B0 /* Preview Content */,
			);
			path = ExampleAlertProject;
			sourceTree = "<group>";
		};
		9B47AE2228C9B9E2009B68B0 /* Preview Content */ = {
			isa = PBXGroup;
			children = (
				9B47AE2328C9B9E2009B68B0 /* Preview Assets.xcassets */,
			);
			path = "Preview Content";
			sourceTree = "<group>";
		};
		9B47AE3328C9BAE1009B68B0 /* SystemAlert */ = {
			isa = PBXGroup;
			children = (
				9B47AE2F28C9BA82009B68B0 /* SystemAlert.swift */,
				9B47AE3128C9BA8A009B68B0 /* SystemAlert + Extension.swift */,
			);
			path = SystemAlert;
			sourceTree = "<group>";
		};
/* End PBXGroup section */

/* Begin PBXNativeTarget section */
		9B47AE1828C9B9DF009B68B0 /* ExampleAlertProject */ = {
			isa = PBXNativeTarget;
			buildConfigurationList = 9B47AE2728C9B9E2009B68B0 /* Build configuration list for PBXNativeTarget "ExampleAlertProject" */;
			buildPhases = (
				9B47AE1528C9B9DF009B68B0 /* Sources */,
				9B47AE1628C9B9DF009B68B0 /* Frameworks */,
				9B47AE1728C9B9DF009B68B0 /* Resources */,
			);
			buildRules = (
			);
			dependencies = (
			);
			name = ExampleAlertProject;
			packageProductDependencies = (
				9B47AE2D28C9BA5D009B68B0 /* AlertState */,
			);
			productName = ExampleAlertProject;
			productReference = 9B47AE1928C9B9DF009B68B0 /* ExampleAlertProject.app */;
			productType = "com.apple.product-type.application";
		};
/* End PBXNativeTarget section */

/* Begin PBXProject section */
		9B47AE1128C9B9DF009B68B0 /* Project object */ = {
			isa = PBXProject;
			attributes = {
				BuildIndependentTargetsInParallel = 1;
				LastSwiftUpdateCheck = 1400;
				LastUpgradeCheck = 1400;
				TargetAttributes = {
					9B47AE1828C9B9DF009B68B0 = {
						CreatedOnToolsVersion = 14.0;
					};
				};
			};
			buildConfigurationList = 9B47AE1428C9B9DF009B68B0 /* Build configuration list for PBXProject "ExampleAlertProject" */;
			compatibilityVersion = "Xcode 14.0";
			developmentRegion = en;
			hasScannedForEncodings = 0;
			knownRegions = (
				en,
				Base,
			);
			mainGroup = 9B47AE1028C9B9DF009B68B0;
			packageReferences = (
				9B47AE2C28C9BA5D009B68B0 /* XCRemoteSwiftPackageReference "AlertState" */,
			);
			productRefGroup = 9B47AE1A28C9B9DF009B68B0 /* Products */;
			projectDirPath = "";
			projectRoot = "";
			targets = (
				9B47AE1828C9B9DF009B68B0 /* ExampleAlertProject */,
			);
		};
/* End PBXProject section */

/* Begin PBXResourcesBuildPhase section */
		9B47AE1728C9B9DF009B68B0 /* Resources */ = {
			isa = PBXResourcesBuildPhase;
			buildActionMask = 2147483647;
			files = (
				9B47AE2428C9B9E2009B68B0 /* Preview Assets.xcassets in Resources */,
				9B47AE2128C9B9E2009B68B0 /* Assets.xcassets in Resources */,
			);
			runOnlyForDeploymentPostprocessing = 0;
		};
/* End PBXResourcesBuildPhase section */

/* Begin PBXSourcesBuildPhase section */
		9B47AE1528C9B9DF009B68B0 /* Sources */ = {
			isa = PBXSourcesBuildPhase;
			buildActionMask = 2147483647;
			files = (
				9B47AE3028C9BA82009B68B0 /* SystemAlert.swift in Sources */,
				9B47AE3228C9BA8A009B68B0 /* SystemAlert + Extension.swift in Sources */,
				9B47AE1F28C9B9DF009B68B0 /* ContentView.swift in Sources */,
				9B47AE1D28C9B9DF009B68B0 /* ExampleAlertProjectApp.swift in Sources */,
			);
			runOnlyForDeploymentPostprocessing = 0;
		};
/* End PBXSourcesBuildPhase section */

/* Begin XCBuildConfiguration section */
		9B47AE2528C9B9E2009B68B0 /* Debug */ = {
			isa = XCBuildConfiguration;
			buildSettings = {
				ALWAYS_SEARCH_USER_PATHS = NO;
				CLANG_ANALYZER_NONNULL = YES;
				CLANG_ANALYZER_NUMBER_OBJECT_CONVERSION = YES_AGGRESSIVE;
				CLANG_CXX_LANGUAGE_STANDARD = "gnu++20";
				CLANG_ENABLE_MODULES = YES;
				CLANG_ENABLE_OBJC_ARC = YES;
				CLANG_ENABLE_OBJC_WEAK = YES;
				CLANG_WARN_BLOCK_CAPTURE_AUTORELEASING = YES;
				CLANG_WARN_BOOL_CONVERSION = YES;
				CLANG_WARN_COMMA = YES;
				CLANG_WARN_CONSTANT_CONVERSION = YES;
				CLANG_WARN_DEPRECATED_OBJC_IMPLEMENTATIONS = YES;
				CLANG_WARN_DIRECT_OBJC_ISA_USAGE = YES_ERROR;
				CLANG_WARN_DOCUMENTATION_COMMENTS = YES;
				CLANG_WARN_EMPTY_BODY = YES;
				CLANG_WARN_ENUM_CONVERSION = YES;
				CLANG_WARN_INFINITE_RECURSION = YES;
				CLANG_WARN_INT_CONVERSION = YES;
				CLANG_WARN_NON_LITERAL_NULL_CONVERSION = YES;
				CLANG_WARN_OBJC_IMPLICIT_RETAIN_SELF = YES;
				CLANG_WARN_OBJC_LITERAL_CONVERSION = YES;
				CLANG_WARN_OBJC_ROOT_CLASS = YES_ERROR;
				CLANG_WARN_QUOTED_INCLUDE_IN_FRAMEWORK_HEADER = YES;
				CLANG_WARN_RANGE_LOOP_ANALYSIS = YES;
				CLANG_WARN_STRICT_PROTOTYPES = YES;
				CLANG_WARN_SUSPICIOUS_MOVE = YES;
				CLANG_WARN_UNGUARDED_AVAILABILITY = YES_AGGRESSIVE;
				CLANG_WARN_UNREACHABLE_CODE = YES;
				CLANG_WARN__DUPLICATE_METHOD_MATCH = YES;
				COPY_PHASE_STRIP = NO;
				DEBUG_INFORMATION_FORMAT = dwarf;
				ENABLE_STRICT_OBJC_MSGSEND = YES;
				ENABLE_TESTABILITY = YES;
				GCC_C_LANGUAGE_STANDARD = gnu11;
				GCC_DYNAMIC_NO_PIC = NO;
				GCC_NO_COMMON_BLOCKS = YES;
				GCC_OPTIMIZATION_LEVEL = 0;
				GCC_PREPROCESSOR_DEFINITIONS = (
					"DEBUG=1",
					"$(inherited)",
				);
				GCC_WARN_64_TO_32_BIT_CONVERSION = YES;
				GCC_WARN_ABOUT_RETURN_TYPE = YES_ERROR;
				GCC_WARN_UNDECLARED_SELECTOR = YES;
				GCC_WARN_UNINITIALIZED_AUTOS = YES_AGGRESSIVE;
				GCC_WARN_UNUSED_FUNCTION = YES;
				GCC_WARN_UNUSED_VARIABLE = YES;
				IPHONEOS_DEPLOYMENT_TARGET = 14.0;
				MTL_ENABLE_DEBUG_INFO = INCLUDE_SOURCE;
				MTL_FAST_MATH = YES;
				ONLY_ACTIVE_ARCH = YES;
				SDKROOT = iphoneos;
				SWIFT_ACTIVE_COMPILATION_CONDITIONS = DEBUG;
				SWIFT_OPTIMIZATION_LEVEL = "-Onone";
			};
			name = Debug;
		};
		9B47AE2628C9B9E2009B68B0 /* Release */ = {
			isa = XCBuildConfiguration;
			buildSettings = {
				ALWAYS_SEARCH_USER_PATHS = NO;
				CLANG_ANALYZER_NONNULL = YES;
				CLANG_ANALYZER_NUMBER_OBJECT_CONVERSION = YES_AGGRESSIVE;
				CLANG_CXX_LANGUAGE_STANDARD = "gnu++20";
				CLANG_ENABLE_MODULES = YES;
				CLANG_ENABLE_OBJC_ARC = YES;
				CLANG_ENABLE_OBJC_WEAK = YES;
				CLANG_WARN_BLOCK_CAPTURE_AUTORELEASING = YES;
				CLANG_WARN_BOOL_CONVERSION = YES;
				CLANG_WARN_COMMA = YES;
				CLANG_WARN_CONSTANT_CONVERSION = YES;
				CLANG_WARN_DEPRECATED_OBJC_IMPLEMENTATIONS = YES;
				CLANG_WARN_DIRECT_OBJC_ISA_USAGE = YES_ERROR;
				CLANG_WARN_DOCUMENTATION_COMMENTS = YES;
				CLANG_WARN_EMPTY_BODY = YES;
				CLANG_WARN_ENUM_CONVERSION = YES;
				CLANG_WARN_INFINITE_RECURSION = YES;
				CLANG_WARN_INT_CONVERSION = YES;
				CLANG_WARN_NON_LITERAL_NULL_CONVERSION = YES;
				CLANG_WARN_OBJC_IMPLICIT_RETAIN_SELF = YES;
				CLANG_WARN_OBJC_LITERAL_CONVERSION = YES;
				CLANG_WARN_OBJC_ROOT_CLASS = YES_ERROR;
				CLANG_WARN_QUOTED_INCLUDE_IN_FRAMEWORK_HEADER = YES;
				CLANG_WARN_RANGE_LOOP_ANALYSIS = YES;
				CLANG_WARN_STRICT_PROTOTYPES = YES;
				CLANG_WARN_SUSPICIOUS_MOVE = YES;
				CLANG_WARN_UNGUARDED_AVAILABILITY = YES_AGGRESSIVE;
				CLANG_WARN_UNREACHABLE_CODE = YES;
				CLANG_WARN__DUPLICATE_METHOD_MATCH = YES;
				COPY_PHASE_STRIP = NO;
				DEBUG_INFORMATION_FORMAT = "dwarf-with-dsym";
				ENABLE_NS_ASSERTIONS = NO;
				ENABLE_STRICT_OBJC_MSGSEND = YES;
				GCC_C_LANGUAGE_STANDARD = gnu11;
				GCC_NO_COMMON_BLOCKS = YES;
				GCC_WARN_64_TO_32_BIT_CONVERSION = YES;
				GCC_WARN_ABOUT_RETURN_TYPE = YES_ERROR;
				GCC_WARN_UNDECLARED_SELECTOR = YES;
				GCC_WARN_UNINITIALIZED_AUTOS = YES_AGGRESSIVE;
				GCC_WARN_UNUSED_FUNCTION = YES;
				GCC_WARN_UNUSED_VARIABLE = YES;
				IPHONEOS_DEPLOYMENT_TARGET = 14.0;
				MTL_ENABLE_DEBUG_INFO = NO;
				MTL_FAST_MATH = YES;
				SDKROOT = iphoneos;
				SWIFT_COMPILATION_MODE = wholemodule;
				SWIFT_OPTIMIZATION_LEVEL = "-O";
				VALIDATE_PRODUCT = YES;
			};
			name = Release;
		};
		9B47AE2828C9B9E2009B68B0 /* Debug */ = {
			isa = XCBuildConfiguration;
			buildSettings = {
				ASSETCATALOG_COMPILER_APPICON_NAME = AppIcon;
				ASSETCATALOG_COMPILER_GLOBAL_ACCENT_COLOR_NAME = AccentColor;
				CODE_SIGN_STYLE = Automatic;
				CURRENT_PROJECT_VERSION = 1;
				DEVELOPMENT_ASSET_PATHS = "\"ExampleAlertProject/Preview Content\"";
				DEVELOPMENT_TEAM = W6QHM4Y43Z;
				ENABLE_PREVIEWS = YES;
				GENERATE_INFOPLIST_FILE = YES;
				INFOPLIST_KEY_UIApplicationSceneManifest_Generation = YES;
				INFOPLIST_KEY_UIApplicationSupportsIndirectInputEvents = YES;
				INFOPLIST_KEY_UILaunchScreen_Generation = YES;
				INFOPLIST_KEY_UISupportedInterfaceOrientations_iPad = "UIInterfaceOrientationPortrait UIInterfaceOrientationPortraitUpsideDown UIInterfaceOrientationLandscapeLeft UIInterfaceOrientationLandscapeRight";
				INFOPLIST_KEY_UISupportedInterfaceOrientations_iPhone = "UIInterfaceOrientationPortrait UIInterfaceOrientationLandscapeLeft UIInterfaceOrientationLandscapeRight";
				LD_RUNPATH_SEARCH_PATHS = (
					"$(inherited)",
					"@executable_path/Frameworks",
				);
				MARKETING_VERSION = 1.0;
				PRODUCT_BUNDLE_IDENTIFIER = com.enebin.ExampleAlertProject;
				PRODUCT_NAME = "$(TARGET_NAME)";
				SWIFT_EMIT_LOC_STRINGS = YES;
				SWIFT_VERSION = 5.0;
				TARGETED_DEVICE_FAMILY = "1,2";
			};
			name = Debug;
		};
		9B47AE2928C9B9E2009B68B0 /* Release */ = {
			isa = XCBuildConfiguration;
			buildSettings = {
				ASSETCATALOG_COMPILER_APPICON_NAME = AppIcon;
				ASSETCATALOG_COMPILER_GLOBAL_ACCENT_COLOR_NAME = AccentColor;
				CODE_SIGN_STYLE = Automatic;
				CURRENT_PROJECT_VERSION = 1;
				DEVELOPMENT_ASSET_PATHS = "\"ExampleAlertProject/Preview Content\"";
				DEVELOPMENT_TEAM = W6QHM4Y43Z;
				ENABLE_PREVIEWS = YES;
				GENERATE_INFOPLIST_FILE = YES;
				INFOPLIST_KEY_UIApplicationSceneManifest_Generation = YES;
				INFOPLIST_KEY_UIApplicationSupportsIndirectInputEvents = YES;
				INFOPLIST_KEY_UILaunchScreen_Generation = YES;
				INFOPLIST_KEY_UISupportedInterfaceOrientations_iPad = "UIInterfaceOrientationPortrait UIInterfaceOrientationPortraitUpsideDown UIInterfaceOrientationLandscapeLeft UIInterfaceOrientationLandscapeRight";
				INFOPLIST_KEY_UISupportedInterfaceOrientations_iPhone = "UIInterfaceOrientationPortrait UIInterfaceOrientationLandscapeLeft UIInterfaceOrientationLandscapeRight";
				LD_RUNPATH_SEARCH_PATHS = (
					"$(inherited)",
					"@executable_path/Frameworks",
				);
				MARKETING_VERSION = 1.0;
				PRODUCT_BUNDLE_IDENTIFIER = com.enebin.ExampleAlertProject;
				PRODUCT_NAME = "$(TARGET_NAME)";
				SWIFT_EMIT_LOC_STRINGS = YES;
				SWIFT_VERSION = 5.0;
				TARGETED_DEVICE_FAMILY = "1,2";
			};
			name = Release;
		};
/* End XCBuildConfiguration section */

/* Begin XCConfigurationList section */
		9B47AE1428C9B9DF009B68B0 /* Build configuration list for PBXProject "ExampleAlertProject" */ = {
			isa = XCConfigurationList;
			buildConfigurations = (
				9B47AE2528C9B9E2009B68B0 /* Debug */,
				9B47AE2628C9B9E2009B68B0 /* Release */,
			);
			defaultConfigurationIsVisible = 0;
			defaultConfigurationName = Release;
		};
		9B47AE2728C9B9E2009B68B0 /* Build configuration list for PBXNativeTarget "ExampleAlertProject" */ = {
			isa = XCConfigurationList;
			buildConfigurations = (
				9B47AE2828C9B9E2009B68B0 /* Debug */,
				9B47AE2928C9B9E2009B68B0 /* Release */,
			);
			defaultConfigurationIsVisible = 0;
			defaultConfigurationName = Release;
		};
/* End XCConfigurationList section */

/* Begin XCRemoteSwiftPackageReference section */
		9B47AE2C28C9BA5D009B68B0 /* XCRemoteSwiftPackageReference "AlertState" */ = {
			isa = XCRemoteSwiftPackageReference;
			repositoryURL = "https://github.com/enebin/AlertState";
			requirement = {
				branch = main;
				kind = branch;
			};
		};
/* End XCRemoteSwiftPackageReference section */

/* Begin XCSwiftPackageProductDependency section */
		9B47AE2D28C9BA5D009B68B0 /* AlertState */ = {
			isa = XCSwiftPackageProductDependency;
			package = 9B47AE2C28C9BA5D009B68B0 /* XCRemoteSwiftPackageReference "AlertState" */;
			productName = AlertState;
		};
/* End XCSwiftPackageProductDependency section */
	};
	rootObject = 9B47AE1128C9B9DF009B68B0 /* Project object */;
}
